// !$*UTF8*$!
{
	archiveVersion = 1;
	classes = {
	};
	objectVersion = 46;
	objects = {

/* Begin PBXBuildFile section */
		52E34F291BB8C51400EBCA8D /* AppDelegate.swift in Sources */ = {isa = PBXBuildFile; fileRef = 52E34F281BB8C51400EBCA8D /* AppDelegate.swift */; };
		52E34F2B1BB8C51400EBCA8D /* ViewController.swift in Sources */ = {isa = PBXBuildFile; fileRef = 52E34F2A1BB8C51400EBCA8D /* ViewController.swift */; };
		52E34F2E1BB8C51400EBCA8D /* Main.storyboard in Resources */ = {isa = PBXBuildFile; fileRef = 52E34F2C1BB8C51400EBCA8D /* Main.storyboard */; };
		52E34F301BB8C51400EBCA8D /* Assets.xcassets in Resources */ = {isa = PBXBuildFile; fileRef = 52E34F2F1BB8C51400EBCA8D /* Assets.xcassets */; };
		52E34F331BB8C51400EBCA8D /* LaunchScreen.storyboard in Resources */ = {isa = PBXBuildFile; fileRef = 52E34F311BB8C51400EBCA8D /* LaunchScreen.storyboard */; };
		52E34F3D1BB9897900EBCA8D /* ButtonsViewController.swift in Sources */ = {isa = PBXBuildFile; fileRef = 52E34F3C1BB9897900EBCA8D /* ButtonsViewController.swift */; settings = {ASSET_TAGS = (); }; };
/* End PBXBuildFile section */

/* Begin PBXFileReference section */
		52E34F251BB8C51400EBCA8D /* numberPad.app */ = {isa = PBXFileReference; explicitFileType = wrapper.application; includeInIndex = 0; path = numberPad.app; sourceTree = BUILT_PRODUCTS_DIR; };
		52E34F281BB8C51400EBCA8D /* AppDelegate.swift */ = {isa = PBXFileReference; lastKnownFileType = sourcecode.swift; path = AppDelegate.swift; sourceTree = "<group>"; };
		52E34F2A1BB8C51400EBCA8D /* ViewController.swift */ = {isa = PBXFileReference; lastKnownFileType = sourcecode.swift; path = ViewController.swift; sourceTree = "<group>"; };
		52E34F2D1BB8C51400EBCA8D /* Base */ = {isa = PBXFileReference; lastKnownFileType = file.storyboard; name = Base; path = Base.lproj/Main.storyboard; sourceTree = "<group>"; };
		52E34F2F1BB8C51400EBCA8D /* Assets.xcassets */ = {isa = PBXFileReference; lastKnownFileType = folder.assetcatalog; path = Assets.xcassets; sourceTree = "<group>"; };
		52E34F321BB8C51400EBCA8D /* Base */ = {isa = PBXFileReference; lastKnownFileType = file.storyboard; name = Base; path = Base.lproj/LaunchScreen.storyboard; sourceTree = "<group>"; };
		52E34F341BB8C51400EBCA8D /* Info.plist */ = {isa = PBXFileReference; lastKnownFileType = text.plist.xml; path = Info.plist; sourceTree = "<group>"; };
		52E34F3C1BB9897900EBCA8D /* ButtonsViewController.swift */ = {isa = PBXFileReference; fileEncoding = 4; lastKnownFileType = sourcecode.swift; path = ButtonsViewController.swift; sourceTree = "<group>"; };
/* End PBXFileReference section */

/* Begin PBXFrameworksBuildPhase section */
		52E34F221BB8C51400EBCA8D /* Frameworks */ = {
			isa = PBXFrameworksBuildPhase;
			buildActionMask = 2147483647;
			files = (
			);
			runOnlyForDeploymentPostprocessing = 0;
		};
/* End PBXFrameworksBuildPhase section */

/* Begin PBXGroup section */
		52E34F1C1BB8C51400EBCA8D = {
			isa = PBXGroup;
			children = (
				52E34F271BB8C51400EBCA8D /* numberPad */,
				52E34F261BB8C51400EBCA8D /* Products */,
			);
			sourceTree = "<group>";
		};
		52E34F261BB8C51400EBCA8D /* Products */ = {
			isa = PBXGroup;
			children = (
				52E34F251BB8C51400EBCA8D /* numberPad.app */,
			);
			name = Products;
			sourceTree = "<group>";
		};
		52E34F271BB8C51400EBCA8D /* numberPad */ = {
			isa = PBXGroup;
			children = (
				52E34F281BB8C51400EBCA8D /* AppDelegate.swift */,
				52E34F2A1BB8C51400EBCA8D /* ViewController.swift */,
				52E34F2C1BB8C51400EBCA8D /* Main.storyboard */,
				52E34F3C1BB9897900EBCA8D /* ButtonsViewController.swift */,
				52E34F2F1BB8C51400EBCA8D /* Assets.xcassets */,
				52E34F311BB8C51400EBCA8D /* LaunchScreen.storyboard */,
				52E34F341BB8C51400EBCA8D /* Info.plist */,
			);
			path = numberPad;
			sourceTree = "<group>";
		};
/* End PBXGroup section */

/* Begin PBXNativeTarget section */
		52E34F241BB8C51400EBCA8D /* numberPad */ = {
			isa = PBXNativeTarget;
			buildConfigurationList = 52E34F371BB8C51400EBCA8D /* Build configuration list for PBXNativeTarget "numberPad" */;
			buildPhases = (
				52E34F211BB8C51400EBCA8D /* Sources */,
				52E34F221BB8C51400EBCA8D /* Frameworks */,
				52E34F231BB8C51400EBCA8D /* Resources */,
			);
			buildRules = (
			);
			dependencies = (
			);
			name = numberPad;
			productName = numberPad;
			productReference = 52E34F251BB8C51400EBCA8D /* numberPad.app */;
			productType = "com.apple.product-type.application";
		};
/* End PBXNativeTarget section */

/* Begin PBXProject section */
		52E34F1D1BB8C51400EBCA8D /* Project object */ = {
			isa = PBXProject;
			attributes = {
				LastUpgradeCheck = 0700;
				ORGANIZATIONNAME = johnregner;
				TargetAttributes = {
					52E34F241BB8C51400EBCA8D = {
						CreatedOnToolsVersion = 7.0;
					};
				};
			};
			buildConfigurationList = 52E34F201BB8C51400EBCA8D /* Build configuration list for PBXProject "numberPad" */;
			compatibilityVersion = "Xcode 3.2";
			developmentRegion = English;
			hasScannedForEncodings = 0;
			knownRegions = (
				en,
				Base,
			);
			mainGroup = 52E34F1C1BB8C51400EBCA8D;
			productRefGroup = 52E34F261BB8C51400EBCA8D /* Products */;
			projectDirPath = "";
			projectRoot = "";
			targets = (
				52E34F241BB8C51400EBCA8D /* numberPad */,
			);
		};
/* End PBXProject section */

/* Begin PBXResourcesBuildPhase section */
		52E34F231BB8C51400EBCA8D /* Resources */ = {
			isa = PBXResourcesBuildPhase;
			buildActionMask = 2147483647;
			files = (
				52E34F331BB8C51400EBCA8D /* LaunchScreen.storyboard in Resources */,
				52E34F301BB8C51400EBCA8D /* Assets.xcassets in Resources */,
				52E34F2E1BB8C51400EBCA8D /* Main.storyboard in Resources */,
			);
			runOnlyForDeploymentPostprocessing = 0;
		};
/* End PBXResourcesBuildPhase section */

/* Begin PBXSourcesBuildPhase section */
		52E34F211BB8C51400EBCA8D /* Sources */ = {
			isa = PBXSourcesBuildPhase;
			buildActionMask = 2147483647;
			files = (
				52E34F2B1BB8C51400EBCA8D /* ViewController.swift in Sources */,
				52E34F3D1BB9897900EBCA8D /* ButtonsViewController.swift in Sources */,
				52E34F291BB8C51400EBCA8D /* AppDelegate.swift in Sources */,
			);
			runOnlyForDeploymentPostprocessing = 0;
		};
/* End PBXSourcesBuildPhase section */

/* Begin PBXVariantGroup section */
		52E34F2C1BB8C51400EBCA8D /* Main.storyboard */ = {
			isa = PBXVariantGroup;
			children = (
				52E34F2D1BB8C51400EBCA8D /* Base */,
			);
			name = Main.storyboard;
			sourceTree = "<group>";
		};
		52E34F311BB8C51400EBCA8D /* LaunchScreen.storyboard */ = {
			isa = PBXVariantGroup;
			children = (
				52E34F321BB8C51400EBCA8D /* Base */,
			);
			name = LaunchScreen.storyboard;
			sourceTree = "<group>";
		};
/* End PBXVariantGroup section */

/* Begin XCBuildConfiguration section */
		52E34F351BB8C51400EBCA8D /* Debug */ = {
			isa = XCBuildConfiguration;
			buildSettings = {
				ALWAYS_SEARCH_USER_PATHS = NO;
				CLANG_CXX_LANGUAGE_STANDARD = "gnu++0x";
				CLANG_CXX_LIBRARY = "libc++";
				CLANG_ENABLE_MODULES = YES;
				CLANG_ENABLE_OBJC_ARC = YES;
				CLANG_WARN_BOOL_CONVERSION = YES;
				CLANG_WARN_CONSTANT_CONVERSION = YES;
				CLANG_WARN_DIRECT_OBJC_ISA_USAGE = YES_ERROR;
				CLANG_WARN_EMPTY_BODY = YES;
				CLANG_WARN_ENUM_CONVERSION = YES;
				CLANG_WARN_INT_CONVERSION = YES;
				CLANG_WARN_OBJC_ROOT_CLASS = YES_ERROR;
				CLANG_WARN_UNREACHABLE_CODE = YES;
				CLANG_WARN__DUPLICATE_METHOD_MATCH = YES;
				"CODE_SIGN_IDENTITY[sdk=iphoneos*]" = "iPhone Developer";
				COPY_PHASE_STRIP = NO;
				DEBUG_INFORMATION_FORMAT = dwarf;
				ENABLE_STRICT_OBJC_MSGSEND = YES;
				ENABLE_TESTABILITY = YES;
				GCC_C_LANGUAGE_STANDARD = gnu99;
				GCC_DYNAMIC_NO_PIC = NO;
				GCC_NO_COMMON_BLOCKS = YES;
				GCC_OPTIMIZATION_LEVEL = 0;
				GCC_PREPROCESSOR_DEFINITIONS = (
					"DEBUG=1",
					"$(inherited)",
				);
				GCC_WARN_64_TO_32_BIT_CONVERSION = YES;
				GCC_WARN_ABOUT_RETURN_TYPE = YES_ERROR;
				GCC_WARN_UNDECLARED_SELECTOR = YES;
				GCC_WARN_UNINITIALIZED_AUTOS = YES_AGGRESSIVE;
				GCC_WARN_UNUSED_FUNCTION = YES;
				GCC_WARN_UNUSED_VARIABLE = YES;
				IPHONEOS_DEPLOYMENT_TARGET = 9.0;
				MTL_ENABLE_DEBUG_INFO = YES;
				ONLY_ACTIVE_ARCH = YES;
				SDKROOT = iphoneos;
				SWIFT_OPTIMIZATION_LEVEL = "-Onone";
				TARGETED_DEVICE_FAMILY = "1,2";
			};
			name = Debug;
		};
		52E34F361BB8C51400EBCA8D /* Release */ = {
			isa = XCBuildConfiguration;
			buildSettings = {
				ALWAYS_SEARCH_USER_PATHS = NO;
				CLANG_CXX_LANGUAGE_STANDARD = "gnu++0x";
				CLANG_CXX_LIBRARY = "libc++";
				CLANG_ENABLE_MODULES = YES;
				CLANG_ENABLE_OBJC_ARC = YES;
				CLANG_WARN_BOOL_CONVERSION = YES;
				CLANG_WARN_CONSTANT_CONVERSION = YES;
				CLANG_WARN_DIRECT_OBJC_ISA_USAGE = YES_ERROR;
				CLANG_WARN_EMPTY_BODY = YES;
				CLANG_WARN_ENUM_CONVERSION = YES;
				CLANG_WARN_INT_CONVERSION = YES;
				CLANG_WARN_OBJC_ROOT_CLASS = YES_ERROR;
				CLANG_WARN_UNREACHABLE_CODE = YES;
				CLANG_WARN__DUPLICATE_METHOD_MATCH = YES;
				"CODE_SIGN_IDENTITY[sdk=iphoneos*]" = "iPhone Developer";
				COPY_PHASE_STRIP = NO;
				DEBUG_INFORMATION_FORMAT = "dwarf-with-dsym";
				ENABLE_NS_ASSERTIONS = NO;
				ENABLE_STRICT_OBJC_MSGSEND = YES;
				GCC_C_LANGUAGE_STANDARD = gnu99;
				GCC_NO_COMMON_BLOCKS = YES;
				GCC_WARN_64_TO_32_BIT_CONVERSION = YES;
				GCC_WARN_ABOUT_RETURN_TYPE = YES_ERROR;
				GCC_WARN_UNDECLARED_SELECTOR = YES;
				GCC_WARN_UNINITIALIZED_AUTOS = YES_AGGRESSIVE;
				GCC_WARN_UNUSED_FUNCTION = YES;
				GCC_WARN_UNUSED_VARIABLE = YES;
				IPHONEOS_DEPLOYMENT_TARGET = 9.0;
				MTL_ENABLE_DEBUG_INFO = NO;
				SDKROOT = iphoneos;
				TARGETED_DEVICE_FAMILY = "1,2";
				VALIDATE_PRODUCT = YES;
			};
			name = Release;
		};
		52E34F381BB8C51400EBCA8D /* Debug */ = {
			isa = XCBuildConfiguration;
			buildSettings = {
				ASSETCATALOG_COMPILER_APPICON_NAME = AppIcon;
				INFOPLIST_FILE = numberPad/Info.plist;
				LD_RUNPATH_SEARCH_PATHS = "$(inherited) @executable_path/Frameworks";
				PRODUCT_BUNDLE_IDENTIFIER = com.johnregner.numberPad;
				PRODUCT_NAME = "$(TARGET_NAME)";
			};
			name = Debug;
		};
		52E34F391BB8C51400EBCA8D /* Release */ = {
			isa = XCBuildConfiguration;
			buildSettings = {
				ASSETCATALOG_COMPILER_APPICON_NAME = AppIcon;
				INFOPLIST_FILE = numberPad/Info.plist;
				LD_RUNPATH_SEARCH_PATHS = "$(inherited) @executable_path/Frameworks";
				PRODUCT_BUNDLE_IDENTIFIER = com.johnregner.numberPad;
				PRODUCT_NAME = "$(TARGET_NAME)";
			};
			name = Release;
		};
/* End XCBuildConfiguration section */

/* Begin XCConfigurationList section */
		52E34F201BB8C51400EBCA8D /* Build configuration list for PBXProject "numberPad" */ = {
			isa = XCConfigurationList;
			buildConfigurations = (
				52E34F351BB8C51400EBCA8D /* Debug */,
				52E34F361BB8C51400EBCA8D /* Release */,
			);
			defaultConfigurationIsVisible = 0;
			defaultConfigurationName = Release;
		};
		52E34F371BB8C51400EBCA8D /* Build configuration list for PBXNativeTarget "numberPad" */ = {
			isa = XCConfigurationList;
			buildConfigurations = (
				52E34F381BB8C51400EBCA8D /* Debug */,
				52E34F391BB8C51400EBCA8D /* Release */,
			);
			defaultConfigurationIsVisible = 0;
		};
/* End XCConfigurationList section */
	};
	rootObject = 52E34F1D1BB8C51400EBCA8D /* Project object */;
}
